
Microsoft Visual Studio Solution File, Format Version 12.00
# Visual Studio 15
VisualStudioVersion = 15.0.28307.489
MinimumVisualStudioVersion = 10.0.40219.1
Project("{FAE04EC0-301F-11D3-BF4B-00C04F79EFBC}") = "Guia 0 - Ej5-10", "Guia 0 - Ej5-10\Guia 0 - Ej5-10.csproj", "{35FA4073-7B57-47C7-83A5-0C79BA75516F}"
EndProject
Global
	GlobalSection(SolutionConfigurationPlatforms) = preSolution
		Debug|Any CPU = Debug|Any CPU
		Release|Any CPU = Release|Any CPU
	EndGlobalSection
	GlobalSection(ProjectConfigurationPlatforms) = postSolution
		{35FA4073-7B57-47C7-83A5-0C79BA75516F}.Debug|Any CPU.ActiveCfg = Debug|Any CPU
		{35FA4073-7B57-47C7-83A5-0C79BA75516F}.Debug|Any CPU.Build.0 = Debug|Any CPU
		{35FA4073-7B57-47C7-83A5-0C79BA75516F}.Release|Any CPU.ActiveCfg = Release|Any CPU
		{35FA4073-7B57-47C7-83A5-0C79BA75516F}.Release|Any CPU.Build.0 = Release|Any CPU
	EndGlobalSection
	GlobalSection(SolutionProperties) = preSolution
		HideSolutionNode = FALSE
	EndGlobalSection
	GlobalSection(ExtensibilityGlobals) = postSolution
		SolutionGuid = {B58CF86B-C1F1-48DA-B3CB-B7688C0AB7FC}
	EndGlobalSection
EndGlobal
